
Microsoft Visual Studio Solution File, Format Version 12.00
# Visual Studio Version 16
VisualStudioVersion = 16.0.30804.86
MinimumVisualStudioVersion = 10.0.40219.1
Project("{2150E333-8FDC-42A3-9474-1A3956D46DE8}") = "src", "src", "{B150FB5F-792F-456D-ABDF-561CF4DE2D5E}"
EndProject
Project("{2150E333-8FDC-42A3-9474-1A3956D46DE8}") = "tests", "tests", "{D3B7F3CC-7977-45B7-B128-3E20F981575B}"
EndProject
Project("{9A19103F-16F7-4668-BE54-9A1E7A4F7556}") = "Api", "src\Api\Api.csproj", "{CD60BE2E-FEED-4198-8E80-BBAEDC7555A6}"
EndProject
Project("{FAE04EC0-301F-11D3-BF4B-00C04F79EFBC}") = "Core", "src\Core\Core.csproj", "{5BC2F374-46F8-4908-A6BF-A5FD294C17DE}"
EndProject
Project("{FAE04EC0-301F-11D3-BF4B-00C04F79EFBC}") = "Data", "src\Data\Data.csproj", "{AB2EECE2-96B6-4886-8933-2A558537D37F}"
EndProject
Project("{FAE04EC0-301F-11D3-BF4B-00C04F79EFBC}") = "CoreTests", "tests\CoreTests\CoreTests.csproj", "{F8D6F625-694C-47B8-9C8B-2751DDC24489}"
EndProject
Global
	GlobalSection(SolutionConfigurationPlatforms) = preSolution
		Debug|Any CPU = Debug|Any CPU
		Release|Any CPU = Release|Any CPU
	EndGlobalSection
	GlobalSection(ProjectConfigurationPlatforms) = postSolution
		{CD60BE2E-FEED-4198-8E80-BBAEDC7555A6}.Debug|Any CPU.ActiveCfg = Debug|Any CPU
		{CD60BE2E-FEED-4198-8E80-BBAEDC7555A6}.Debug|Any CPU.Build.0 = Debug|Any CPU
		{CD60BE2E-FEED-4198-8E80-BBAEDC7555A6}.Release|Any CPU.ActiveCfg = Release|Any CPU
		{CD60BE2E-FEED-4198-8E80-BBAEDC7555A6}.Release|Any CPU.Build.0 = Release|Any CPU
		{5BC2F374-46F8-4908-A6BF-A5FD294C17DE}.Debug|Any CPU.ActiveCfg = Debug|Any CPU
		{5BC2F374-46F8-4908-A6BF-A5FD294C17DE}.Debug|Any CPU.Build.0 = Debug|Any CPU
		{5BC2F374-46F8-4908-A6BF-A5FD294C17DE}.Release|Any CPU.ActiveCfg = Release|Any CPU
		{5BC2F374-46F8-4908-A6BF-A5FD294C17DE}.Release|Any CPU.Build.0 = Release|Any CPU
		{AB2EECE2-96B6-4886-8933-2A558537D37F}.Debug|Any CPU.ActiveCfg = Debug|Any CPU
		{AB2EECE2-96B6-4886-8933-2A558537D37F}.Debug|Any CPU.Build.0 = Debug|Any CPU
		{AB2EECE2-96B6-4886-8933-2A558537D37F}.Release|Any CPU.ActiveCfg = Release|Any CPU
		{AB2EECE2-96B6-4886-8933-2A558537D37F}.Release|Any CPU.Build.0 = Release|Any CPU
		{F8D6F625-694C-47B8-9C8B-2751DDC24489}.Debug|Any CPU.ActiveCfg = Debug|Any CPU
		{F8D6F625-694C-47B8-9C8B-2751DDC24489}.Debug|Any CPU.Build.0 = Debug|Any CPU
		{F8D6F625-694C-47B8-9C8B-2751DDC24489}.Release|Any CPU.ActiveCfg = Release|Any CPU
		{F8D6F625-694C-47B8-9C8B-2751DDC24489}.Release|Any CPU.Build.0 = Release|Any CPU
	EndGlobalSection
	GlobalSection(SolutionProperties) = preSolution
		HideSolutionNode = FALSE
	EndGlobalSection
	GlobalSection(NestedProjects) = preSolution
		{CD60BE2E-FEED-4198-8E80-BBAEDC7555A6} = {B150FB5F-792F-456D-ABDF-561CF4DE2D5E}
		{5BC2F374-46F8-4908-A6BF-A5FD294C17DE} = {B150FB5F-792F-456D-ABDF-561CF4DE2D5E}
		{AB2EECE2-96B6-4886-8933-2A558537D37F} = {B150FB5F-792F-456D-ABDF-561CF4DE2D5E}
		{F8D6F625-694C-47B8-9C8B-2751DDC24489} = {D3B7F3CC-7977-45B7-B128-3E20F981575B}
	EndGlobalSection
	GlobalSection(ExtensibilityGlobals) = postSolution
		SolutionGuid = {59A3A65F-8395-4146-AF7A-12B1262DB3F2}
	EndGlobalSection
EndGlobal
