
Microsoft Visual Studio Solution File, Format Version 12.00
# Visual Studio Version 16
VisualStudioVersion = 16.0.30804.86
MinimumVisualStudioVersion = 10.0.40219.1
Project("{2150E333-8FDC-42A3-9474-1A3956D46DE8}") = "src", "src", "{B150FB5F-792F-456D-ABDF-561CF4DE2D5E}"
EndProject
Project("{2150E333-8FDC-42A3-9474-1A3956D46DE8}") = "tests", "tests", "{D3B7F3CC-7977-45B7-B128-3E20F981575B}"
EndProject
Project("{9A19103F-16F7-4668-BE54-9A1E7A4F7556}") = "CoreTests", "tests\CoreTests\CoreTests.csproj", "{F8D6F625-694C-47B8-9C8B-2751DDC24489}"
EndProject
Project("{9A19103F-16F7-4668-BE54-9A1E7A4F7556}") = "Api", "src\Api\Api.csproj", "{4866CE18-71FF-4C00-A275-DB535957590E}"
EndProject
Project("{9A19103F-16F7-4668-BE54-9A1E7A4F7556}") = "Data", "src\Data\Data.csproj", "{C2A7CB0D-F27A-4D8A-AF9B-DF2778406836}"
EndProject
Project("{9A19103F-16F7-4668-BE54-9A1E7A4F7556}") = "Core", "src\Core\Core.csproj", "{5D272596-7367-46E3-9D1D-CFA010CEA9AA}"
EndProject
Global
	GlobalSection(SolutionConfigurationPlatforms) = preSolution
		Debug|Any CPU = Debug|Any CPU
		Release|Any CPU = Release|Any CPU
	EndGlobalSection
	GlobalSection(ProjectConfigurationPlatforms) = postSolution
		{F8D6F625-694C-47B8-9C8B-2751DDC24489}.Debug|Any CPU.ActiveCfg = Debug|Any CPU
		{F8D6F625-694C-47B8-9C8B-2751DDC24489}.Debug|Any CPU.Build.0 = Debug|Any CPU
		{F8D6F625-694C-47B8-9C8B-2751DDC24489}.Release|Any CPU.ActiveCfg = Release|Any CPU
		{F8D6F625-694C-47B8-9C8B-2751DDC24489}.Release|Any CPU.Build.0 = Release|Any CPU
		{4866CE18-71FF-4C00-A275-DB535957590E}.Debug|Any CPU.ActiveCfg = Debug|Any CPU
		{4866CE18-71FF-4C00-A275-DB535957590E}.Debug|Any CPU.Build.0 = Debug|Any CPU
		{4866CE18-71FF-4C00-A275-DB535957590E}.Release|Any CPU.ActiveCfg = Release|Any CPU
		{4866CE18-71FF-4C00-A275-DB535957590E}.Release|Any CPU.Build.0 = Release|Any CPU
		{C2A7CB0D-F27A-4D8A-AF9B-DF2778406836}.Debug|Any CPU.ActiveCfg = Debug|Any CPU
		{C2A7CB0D-F27A-4D8A-AF9B-DF2778406836}.Debug|Any CPU.Build.0 = Debug|Any CPU
		{C2A7CB0D-F27A-4D8A-AF9B-DF2778406836}.Release|Any CPU.ActiveCfg = Release|Any CPU
		{C2A7CB0D-F27A-4D8A-AF9B-DF2778406836}.Release|Any CPU.Build.0 = Release|Any CPU
		{5D272596-7367-46E3-9D1D-CFA010CEA9AA}.Debug|Any CPU.ActiveCfg = Debug|Any CPU
		{5D272596-7367-46E3-9D1D-CFA010CEA9AA}.Debug|Any CPU.Build.0 = Debug|Any CPU
		{5D272596-7367-46E3-9D1D-CFA010CEA9AA}.Release|Any CPU.ActiveCfg = Release|Any CPU
		{5D272596-7367-46E3-9D1D-CFA010CEA9AA}.Release|Any CPU.Build.0 = Release|Any CPU
	EndGlobalSection
	GlobalSection(SolutionProperties) = preSolution
		HideSolutionNode = FALSE
	EndGlobalSection
	GlobalSection(NestedProjects) = preSolution
		{F8D6F625-694C-47B8-9C8B-2751DDC24489} = {D3B7F3CC-7977-45B7-B128-3E20F981575B}
		{4866CE18-71FF-4C00-A275-DB535957590E} = {B150FB5F-792F-456D-ABDF-561CF4DE2D5E}
		{C2A7CB0D-F27A-4D8A-AF9B-DF2778406836} = {B150FB5F-792F-456D-ABDF-561CF4DE2D5E}
		{5D272596-7367-46E3-9D1D-CFA010CEA9AA} = {B150FB5F-792F-456D-ABDF-561CF4DE2D5E}
	EndGlobalSection
	GlobalSection(ExtensibilityGlobals) = postSolution
		SolutionGuid = {59A3A65F-8395-4146-AF7A-12B1262DB3F2}
	EndGlobalSection
EndGlobal
